// !$*UTF8*$!
{
	archiveVersion = 1;
	classes = {
	};
	objectVersion = 50;
	objects = {

/* Begin PBXBuildFile section */
		020D2D6D241CE95F00A97EA5 /* INDIDelegate.swift in Sources */ = {isa = PBXBuildFile; fileRef = 020D2D6C241CE95F00A97EA5 /* INDIDelegate.swift */; };
		020D2D6F241CF3D500A97EA5 /* INDIDevice.swift in Sources */ = {isa = PBXBuildFile; fileRef = 020D2D6E241CF3D500A97EA5 /* INDIDevice.swift */; };
		020D2D72241D668800A97EA5 /* INDIProperty.swift in Sources */ = {isa = PBXBuildFile; fileRef = 020D2D71241D668800A97EA5 /* INDIProperty.swift */; };
		020FE5E624226A6E00427BE6 /* INDITextProperty.swift in Sources */ = {isa = PBXBuildFile; fileRef = 020FE5E524226A6E00427BE6 /* INDITextProperty.swift */; };
		020FE5E824226AD700427BE6 /* INDIDefaultProperty.swift in Sources */ = {isa = PBXBuildFile; fileRef = 020FE5E724226AD700427BE6 /* INDIDefaultProperty.swift */; };
		020FE5EA242284EB00427BE6 /* INDINumberProperty.swift in Sources */ = {isa = PBXBuildFile; fileRef = 020FE5E9242284EB00427BE6 /* INDINumberProperty.swift */; };
		020FE5EC2422E43A00427BE6 /* INDISwitchProperty.swift in Sources */ = {isa = PBXBuildFile; fileRef = 020FE5EB2422E43A00427BE6 /* INDISwitchProperty.swift */; };
		020FE5EE2422E5FD00427BE6 /* INDILightProperty.swift in Sources */ = {isa = PBXBuildFile; fileRef = 020FE5ED2422E5FD00427BE6 /* INDILightProperty.swift */; };
		020FE5F02422EB5D00427BE6 /* INDIBLOBProperty.swift in Sources */ = {isa = PBXBuildFile; fileRef = 020FE5EF2422EB5D00427BE6 /* INDIBLOBProperty.swift */; };
		02249D9E2430EDF800BE9BDB /* INDIPropertyVectorValueView.xib in Resources */ = {isa = PBXBuildFile; fileRef = 02249D9D2430EDF800BE9BDB /* INDIPropertyVectorValueView.xib */; };
		02249DA02430EE4A00BE9BDB /* INDIPropertyVectorValueView.swift in Sources */ = {isa = PBXBuildFile; fileRef = 02249D9F2430EE4A00BE9BDB /* INDIPropertyVectorValueView.swift */; };
		02631815244078EF008FEBE5 /* INDIViewController.swift in Sources */ = {isa = PBXBuildFile; fileRef = 02631814244078EF008FEBE5 /* INDIViewController.swift */; };
		02631818244130C4008FEBE5 /* INDIConnectPropertyViewController.swift in Sources */ = {isa = PBXBuildFile; fileRef = 02631816244130C3008FEBE5 /* INDIConnectPropertyViewController.swift */; };
		02631819244130C4008FEBE5 /* INDIConnectPropertyViewController.xib in Resources */ = {isa = PBXBuildFile; fileRef = 02631817244130C3008FEBE5 /* INDIConnectPropertyViewController.xib */; };
		028E360E24339E0A000A73C4 /* INDITextPropertyView.xib in Resources */ = {isa = PBXBuildFile; fileRef = 028E360D24339E0A000A73C4 /* INDITextPropertyView.xib */; };
		028E361124339E6B000A73C4 /* INDITextPropertyViewController.swift in Sources */ = {isa = PBXBuildFile; fileRef = 028E361024339E6B000A73C4 /* INDITextPropertyViewController.swift */; };
		029061A2242CB68200778B28 /* INDIServerItemView.xib in Resources */ = {isa = PBXBuildFile; fileRef = 029061A1242CB68200778B28 /* INDIServerItemView.xib */; };
		029061A4242CB9FE00778B28 /* INDIServerItemView.swift in Sources */ = {isa = PBXBuildFile; fileRef = 029061A3242CB9FE00778B28 /* INDIServerItemView.swift */; };
		029BBD02241D93EA004E60E4 /* INDIError.swift in Sources */ = {isa = PBXBuildFile; fileRef = 029BBD01241D93EA004E60E4 /* INDIError.swift */; };
		029FC58124252AFB0027279A /* AppDelegate.swift in Sources */ = {isa = PBXBuildFile; fileRef = 029FC58024252AFB0027279A /* AppDelegate.swift */; };
		029FC58324252AFC0027279A /* Assets.xcassets in Resources */ = {isa = PBXBuildFile; fileRef = 029FC58224252AFC0027279A /* Assets.xcassets */; };
		029FC58624252AFC0027279A /* MainMenu.xib in Resources */ = {isa = PBXBuildFile; fileRef = 029FC58424252AFC0027279A /* MainMenu.xib */; };
		029FC58F24252B960027279A /* INDIClientController.swift in Sources */ = {isa = PBXBuildFile; fileRef = 029FC58E24252B960027279A /* INDIClientController.swift */; };
		029FC5992425355E0027279A /* SwiftINDIGUI.h in Headers */ = {isa = PBXBuildFile; fileRef = 029FC5972425355E0027279A /* SwiftINDIGUI.h */; settings = {ATTRIBUTES = (Public, ); }; };
		029FC59C2425355E0027279A /* SwiftINDIGUI.framework in Frameworks */ = {isa = PBXBuildFile; fileRef = 029FC5952425355E0027279A /* SwiftINDIGUI.framework */; };
		029FC59D2425355E0027279A /* SwiftINDIGUI.framework in Embed Frameworks */ = {isa = PBXBuildFile; fileRef = 029FC5952425355E0027279A /* SwiftINDIGUI.framework */; settings = {ATTRIBUTES = (CodeSignOnCopy, RemoveHeadersOnCopy, ); }; };
		029FC5A22425357A0027279A /* SwiftINDI.framework in Frameworks */ = {isa = PBXBuildFile; fileRef = 02A9EDBA24184AC100484226 /* SwiftINDI.framework */; };
		029FC5A32425357A0027279A /* SwiftINDI.framework in Embed Frameworks */ = {isa = PBXBuildFile; fileRef = 02A9EDBA24184AC100484226 /* SwiftINDI.framework */; settings = {ATTRIBUTES = (CodeSignOnCopy, RemoveHeadersOnCopy, ); }; };
		029FC5AA242593970027279A /* INDIServerController.swift in Sources */ = {isa = PBXBuildFile; fileRef = 029FC5A8242593970027279A /* INDIServerController.swift */; };
		029FC5AB242593970027279A /* INDIPropertyListViewController.xib in Resources */ = {isa = PBXBuildFile; fileRef = 029FC5A9242593970027279A /* INDIPropertyListViewController.xib */; };
		029FC5AC242595EF0027279A /* SwiftINDI.framework in Frameworks */ = {isa = PBXBuildFile; fileRef = 02A9EDBA24184AC100484226 /* SwiftINDI.framework */; };
		029FC5AD242595EF0027279A /* SwiftINDI.framework in Embed Frameworks */ = {isa = PBXBuildFile; fileRef = 02A9EDBA24184AC100484226 /* SwiftINDI.framework */; settings = {ATTRIBUTES = (CodeSignOnCopy, RemoveHeadersOnCopy, ); }; };
		02A9EDC424184AC100484226 /* SwiftINDI.framework in Frameworks */ = {isa = PBXBuildFile; fileRef = 02A9EDBA24184AC100484226 /* SwiftINDI.framework */; };
		02A9EDC924184AC100484226 /* SwiftINDITests.swift in Sources */ = {isa = PBXBuildFile; fileRef = 02A9EDC824184AC100484226 /* SwiftINDITests.swift */; };
		02A9EDCB24184AC100484226 /* SwiftINDI.h in Headers */ = {isa = PBXBuildFile; fileRef = 02A9EDBD24184AC100484226 /* SwiftINDI.h */; settings = {ATTRIBUTES = (Public, ); }; };
		02A9EDE72418525000484226 /* BasicINDIServer.swift in Sources */ = {isa = PBXBuildFile; fileRef = 02A9EDE62418525000484226 /* BasicINDIServer.swift */; };
		02DD873E242E6D90000D1F1D /* INDIPropertyVectorItemView.swift in Sources */ = {isa = PBXBuildFile; fileRef = 02DD873D242E6D90000D1F1D /* INDIPropertyVectorItemView.swift */; };
		02DD8740242E6DD0000D1F1D /* INDIPropertyVectorItemView.xib in Resources */ = {isa = PBXBuildFile; fileRef = 02DD873F242E6DD0000D1F1D /* INDIPropertyVectorItemView.xib */; };
		02DD8742242EC660000D1F1D /* INDIGroupItemView.xib in Resources */ = {isa = PBXBuildFile; fileRef = 02DD8741242EC660000D1F1D /* INDIGroupItemView.xib */; };
		02DD8744242EC75C000D1F1D /* INDIGroupItemView.swift in Sources */ = {isa = PBXBuildFile; fileRef = 02DD8743242EC75C000D1F1D /* INDIGroupItemView.swift */; };
		02DD8747242ECB58000D1F1D /* INDIPropertyItemVIew.swift in Sources */ = {isa = PBXBuildFile; fileRef = 02DD8746242ECB58000D1F1D /* INDIPropertyItemVIew.swift */; };
		02DD8749242ECC3E000D1F1D /* INDIPropertyItemView.xib in Resources */ = {isa = PBXBuildFile; fileRef = 02DD8748242ECC3E000D1F1D /* INDIPropertyItemView.xib */; };
		02DD874B242ED0FB000D1F1D /* INDIPropertyValueView.swift in Sources */ = {isa = PBXBuildFile; fileRef = 02DD874A242ED0FB000D1F1D /* INDIPropertyValueView.swift */; };
		02DD874D242ED241000D1F1D /* INDIPropertyValueView.xib in Resources */ = {isa = PBXBuildFile; fileRef = 02DD874C242ED241000D1F1D /* INDIPropertyValueView.xib */; };
		02E065C82441DA0B0033EC16 /* INDINumberPropertyViewController.swift in Sources */ = {isa = PBXBuildFile; fileRef = 02E065C62441DA0B0033EC16 /* INDINumberPropertyViewController.swift */; };
		02E065C92441DA0B0033EC16 /* INDINumberPropertyViewController.xib in Resources */ = {isa = PBXBuildFile; fileRef = 02E065C72441DA0B0033EC16 /* INDINumberPropertyViewController.xib */; };
		02F8488E242D6334007D3084 /* INDIDeviceItemView.xib in Resources */ = {isa = PBXBuildFile; fileRef = 02F8488D242D6334007D3084 /* INDIDeviceItemView.xib */; };
		02F84890242D6525007D3084 /* INDIDeviceItemView.swift in Sources */ = {isa = PBXBuildFile; fileRef = 02F8488F242D6525007D3084 /* INDIDeviceItemView.swift */; };
		C7586CCD26419CFB008B87B0 /* INDIControllerModel.swift in Sources */ = {isa = PBXBuildFile; fileRef = C7586CCC26419CFB008B87B0 /* INDIControllerModel.swift */; };
		C7586CD526434325008B87B0 /* DeviceDetail.swift in Sources */ = {isa = PBXBuildFile; fileRef = C7586CD426434325008B87B0 /* DeviceDetail.swift */; };
		C7586CD92643ECE8008B87B0 /* SwiftINDI.framework in Frameworks */ = {isa = PBXBuildFile; fileRef = 02A9EDBA24184AC100484226 /* SwiftINDI.framework */; };
		C7586CDA2643ECE8008B87B0 /* SwiftINDI.framework in Embed Frameworks */ = {isa = PBXBuildFile; fileRef = 02A9EDBA24184AC100484226 /* SwiftINDI.framework */; settings = {ATTRIBUTES = (CodeSignOnCopy, RemoveHeadersOnCopy, ); }; };
		C7586CE026443D43008B87B0 /* ConnectionView.swift in Sources */ = {isa = PBXBuildFile; fileRef = C7586CDF26443D43008B87B0 /* ConnectionView.swift */; };
		C7586CE4264471E3008B87B0 /* GroupDetail.swift in Sources */ = {isa = PBXBuildFile; fileRef = C7586CE3264471E3008B87B0 /* GroupDetail.swift */; };
		C7586CE7264497E6008B87B0 /* GroupRow.swift in Sources */ = {isa = PBXBuildFile; fileRef = C7586CE6264497E6008B87B0 /* GroupRow.swift */; };
		C772C08A2640484400BD676F /* DeviceRow.swift in Sources */ = {isa = PBXBuildFile; fileRef = C772C0892640484400BD676F /* DeviceRow.swift */; };
		C7A72A64276926E8006A4345 /* propertyViewMapping.json in Resources */ = {isa = PBXBuildFile; fileRef = C7A72A63276926E8006A4345 /* propertyViewMapping.json */; };
		C7A72A66276932D2006A4345 /* OnCoordinateSetView.swift in Sources */ = {isa = PBXBuildFile; fileRef = C7A72A65276932D2006A4345 /* OnCoordinateSetView.swift */; };
		C7F104452639899200D85C26 /* SwiftSocket.framework in Frameworks */ = {isa = PBXBuildFile; fileRef = C7F1042B2639896600D85C26 /* SwiftSocket.framework */; };
		C7F104462639899200D85C26 /* SwiftSocket.framework in Embed Frameworks */ = {isa = PBXBuildFile; fileRef = C7F1042B2639896600D85C26 /* SwiftSocket.framework */; settings = {ATTRIBUTES = (CodeSignOnCopy, RemoveHeadersOnCopy, ); }; };
		C7F10457263C51F800D85C26 /* INDI_ControllerApp.swift in Sources */ = {isa = PBXBuildFile; fileRef = C7F10456263C51F800D85C26 /* INDI_ControllerApp.swift */; };
		C7F10459263C51F800D85C26 /* ContentView.swift in Sources */ = {isa = PBXBuildFile; fileRef = C7F10458263C51F800D85C26 /* ContentView.swift */; };
		C7F1045B263C51FC00D85C26 /* Assets.xcassets in Resources */ = {isa = PBXBuildFile; fileRef = C7F1045A263C51FC00D85C26 /* Assets.xcassets */; };
		C7F1045E263C51FC00D85C26 /* Preview Assets.xcassets in Resources */ = {isa = PBXBuildFile; fileRef = C7F1045D263C51FC00D85C26 /* Preview Assets.xcassets */; };
		C7F104B3263E0A6500D85C26 /* AddServerSheet.swift in Sources */ = {isa = PBXBuildFile; fileRef = C7F104B2263E0A6500D85C26 /* AddServerSheet.swift */; };
		C7F104F9263ECF3700D85C26 /* ServerRow.swift in Sources */ = {isa = PBXBuildFile; fileRef = C7F104F8263ECF3600D85C26 /* ServerRow.swift */; };
		C7F104FD263ECF6100D85C26 /* ServerDetail.swift in Sources */ = {isa = PBXBuildFile; fileRef = C7F104FC263ECF6100D85C26 /* ServerDetail.swift */; };
		C7F10501263F3CE600D85C26 /* ConnectToolbarItem.swift in Sources */ = {isa = PBXBuildFile; fileRef = C7F10500263F3CE600D85C26 /* ConnectToolbarItem.swift */; };
		C7F54CEA264609EA008D8965 /* TitleToolbarItem.swift in Sources */ = {isa = PBXBuildFile; fileRef = C7F54CE9264609EA008D8965 /* TitleToolbarItem.swift */; };
		C7F54CEE2646149A008D8965 /* ParkToolbarItem.swift in Sources */ = {isa = PBXBuildFile; fileRef = C7F54CED2646149A008D8965 /* ParkToolbarItem.swift */; };
/* End PBXBuildFile section */

/* Begin PBXContainerItemProxy section */
		029FC59A2425355E0027279A /* PBXContainerItemProxy */ = {
			isa = PBXContainerItemProxy;
			containerPortal = 02A9EDB124184AC100484226 /* Project object */;
			proxyType = 1;
			remoteGlobalIDString = 029FC5942425355E0027279A;
			remoteInfo = SwiftINDIGUI;
		};
		029FC5A42425357A0027279A /* PBXContainerItemProxy */ = {
			isa = PBXContainerItemProxy;
			containerPortal = 02A9EDB124184AC100484226 /* Project object */;
			proxyType = 1;
			remoteGlobalIDString = 02A9EDB924184AC100484226;
			remoteInfo = SwiftINDI;
		};
		029FC5AE242595EF0027279A /* PBXContainerItemProxy */ = {
			isa = PBXContainerItemProxy;
			containerPortal = 02A9EDB124184AC100484226 /* Project object */;
			proxyType = 1;
			remoteGlobalIDString = 02A9EDB924184AC100484226;
			remoteInfo = SwiftINDI;
		};
		02A9EDC524184AC100484226 /* PBXContainerItemProxy */ = {
			isa = PBXContainerItemProxy;
			containerPortal = 02A9EDB124184AC100484226 /* Project object */;
			proxyType = 1;
			remoteGlobalIDString = 02A9EDB924184AC100484226;
			remoteInfo = SwiftINDI;
		};
		C7586CD72643ECCC008B87B0 /* PBXContainerItemProxy */ = {
			isa = PBXContainerItemProxy;
			containerPortal = 02A9EDB124184AC100484226 /* Project object */;
			proxyType = 1;
			remoteGlobalIDString = 02A9EDB924184AC100484226;
			remoteInfo = SwiftINDI;
		};
		C7586CDB2643ECE8008B87B0 /* PBXContainerItemProxy */ = {
			isa = PBXContainerItemProxy;
			containerPortal = 02A9EDB124184AC100484226 /* Project object */;
			proxyType = 1;
			remoteGlobalIDString = 02A9EDB924184AC100484226;
			remoteInfo = SwiftINDI;
		};
		C7F104282639896600D85C26 /* PBXContainerItemProxy */ = {
			isa = PBXContainerItemProxy;
			containerPortal = C7F104212639896600D85C26 /* SwiftSocket.xcodeproj */;
			proxyType = 2;
			remoteGlobalIDString = 377DAA691DCDE40200009697;
			remoteInfo = "SwiftSocket iOS";
		};
		C7F1042A2639896600D85C26 /* PBXContainerItemProxy */ = {
			isa = PBXContainerItemProxy;
			containerPortal = C7F104212639896600D85C26 /* SwiftSocket.xcodeproj */;
			proxyType = 2;
			remoteGlobalIDString = 377DAA761DCDE45D00009697;
			remoteInfo = "SwiftSocket macOS";
		};
		C7F1042C2639896600D85C26 /* PBXContainerItemProxy */ = {
			isa = PBXContainerItemProxy;
			containerPortal = C7F104212639896600D85C26 /* SwiftSocket.xcodeproj */;
			proxyType = 2;
			remoteGlobalIDString = 37454ECA1E06158200800AE5;
			remoteInfo = "SwiftSocket tvOS";
		};
		C7F1042E2639896600D85C26 /* PBXContainerItemProxy */ = {
			isa = PBXContainerItemProxy;
			containerPortal = C7F104212639896600D85C26 /* SwiftSocket.xcodeproj */;
			proxyType = 2;
			remoteGlobalIDString = 375C482D1DDC4C56008C701D;
			remoteInfo = "iOS Example";
		};
/* End PBXContainerItemProxy section */

/* Begin PBXCopyFilesBuildPhase section */
		029FC5A12425355E0027279A /* Embed Frameworks */ = {
			isa = PBXCopyFilesBuildPhase;
			buildActionMask = 2147483647;
			dstPath = "";
			dstSubfolderSpec = 10;
			files = (
				029FC5A32425357A0027279A /* SwiftINDI.framework in Embed Frameworks */,
				029FC59D2425355E0027279A /* SwiftINDIGUI.framework in Embed Frameworks */,
			);
			name = "Embed Frameworks";
			runOnlyForDeploymentPostprocessing = 0;
		};
		029FC5B0242595EF0027279A /* Embed Frameworks */ = {
			isa = PBXCopyFilesBuildPhase;
			buildActionMask = 2147483647;
			dstPath = "";
			dstSubfolderSpec = 10;
			files = (
				029FC5AD242595EF0027279A /* SwiftINDI.framework in Embed Frameworks */,
			);
			name = "Embed Frameworks";
			runOnlyForDeploymentPostprocessing = 0;
		};
		02A9EDEC2419A1F200484226 /* Embed Frameworks */ = {
			isa = PBXCopyFilesBuildPhase;
			buildActionMask = 2147483647;
			dstPath = "";
			dstSubfolderSpec = 10;
			files = (
				C7F104462639899200D85C26 /* SwiftSocket.framework in Embed Frameworks */,
			);
			name = "Embed Frameworks";
			runOnlyForDeploymentPostprocessing = 0;
		};
		C7F104C4263E296F00D85C26 /* Embed Frameworks */ = {
			isa = PBXCopyFilesBuildPhase;
			buildActionMask = 2147483647;
			dstPath = "";
			dstSubfolderSpec = 10;
			files = (
				C7586CDA2643ECE8008B87B0 /* SwiftINDI.framework in Embed Frameworks */,
			);
			name = "Embed Frameworks";
			runOnlyForDeploymentPostprocessing = 0;
		};
/* End PBXCopyFilesBuildPhase section */

/* Begin PBXFileReference section */
		020D2D6C241CE95F00A97EA5 /* INDIDelegate.swift */ = {isa = PBXFileReference; lastKnownFileType = sourcecode.swift; path = INDIDelegate.swift; sourceTree = "<group>"; };
		020D2D6E241CF3D500A97EA5 /* INDIDevice.swift */ = {isa = PBXFileReference; lastKnownFileType = sourcecode.swift; path = INDIDevice.swift; sourceTree = "<group>"; };
		020D2D71241D668800A97EA5 /* INDIProperty.swift */ = {isa = PBXFileReference; lastKnownFileType = sourcecode.swift; path = INDIProperty.swift; sourceTree = "<group>"; };
		020FE5E524226A6E00427BE6 /* INDITextProperty.swift */ = {isa = PBXFileReference; lastKnownFileType = sourcecode.swift; path = INDITextProperty.swift; sourceTree = "<group>"; };
		020FE5E724226AD700427BE6 /* INDIDefaultProperty.swift */ = {isa = PBXFileReference; lastKnownFileType = sourcecode.swift; path = INDIDefaultProperty.swift; sourceTree = "<group>"; };
		020FE5E9242284EB00427BE6 /* INDINumberProperty.swift */ = {isa = PBXFileReference; lastKnownFileType = sourcecode.swift; path = INDINumberProperty.swift; sourceTree = "<group>"; };
		020FE5EB2422E43A00427BE6 /* INDISwitchProperty.swift */ = {isa = PBXFileReference; lastKnownFileType = sourcecode.swift; path = INDISwitchProperty.swift; sourceTree = "<group>"; };
		020FE5ED2422E5FD00427BE6 /* INDILightProperty.swift */ = {isa = PBXFileReference; lastKnownFileType = sourcecode.swift; path = INDILightProperty.swift; sourceTree = "<group>"; };
		020FE5EF2422EB5D00427BE6 /* INDIBLOBProperty.swift */ = {isa = PBXFileReference; lastKnownFileType = sourcecode.swift; path = INDIBLOBProperty.swift; sourceTree = "<group>"; };
		02249D9D2430EDF800BE9BDB /* INDIPropertyVectorValueView.xib */ = {isa = PBXFileReference; lastKnownFileType = file.xib; path = INDIPropertyVectorValueView.xib; sourceTree = "<group>"; };
		02249D9F2430EE4A00BE9BDB /* INDIPropertyVectorValueView.swift */ = {isa = PBXFileReference; lastKnownFileType = sourcecode.swift; path = INDIPropertyVectorValueView.swift; sourceTree = "<group>"; };
		02631814244078EF008FEBE5 /* INDIViewController.swift */ = {isa = PBXFileReference; lastKnownFileType = sourcecode.swift; path = INDIViewController.swift; sourceTree = "<group>"; };
		02631816244130C3008FEBE5 /* INDIConnectPropertyViewController.swift */ = {isa = PBXFileReference; lastKnownFileType = sourcecode.swift; path = INDIConnectPropertyViewController.swift; sourceTree = "<group>"; };
		02631817244130C3008FEBE5 /* INDIConnectPropertyViewController.xib */ = {isa = PBXFileReference; lastKnownFileType = file.xib; path = INDIConnectPropertyViewController.xib; sourceTree = "<group>"; };
		028E360D24339E0A000A73C4 /* INDITextPropertyView.xib */ = {isa = PBXFileReference; lastKnownFileType = file.xib; path = INDITextPropertyView.xib; sourceTree = "<group>"; };
		028E361024339E6B000A73C4 /* INDITextPropertyViewController.swift */ = {isa = PBXFileReference; lastKnownFileType = sourcecode.swift; path = INDITextPropertyViewController.swift; sourceTree = "<group>"; };
		029061A1242CB68200778B28 /* INDIServerItemView.xib */ = {isa = PBXFileReference; lastKnownFileType = file.xib; path = INDIServerItemView.xib; sourceTree = "<group>"; };
		029061A3242CB9FE00778B28 /* INDIServerItemView.swift */ = {isa = PBXFileReference; lastKnownFileType = sourcecode.swift; path = INDIServerItemView.swift; sourceTree = "<group>"; };
		029BBD01241D93EA004E60E4 /* INDIError.swift */ = {isa = PBXFileReference; lastKnownFileType = sourcecode.swift; path = INDIError.swift; sourceTree = "<group>"; };
		029FC57E24252AFB0027279A /* INDI Client.app */ = {isa = PBXFileReference; explicitFileType = wrapper.application; includeInIndex = 0; path = "INDI Client.app"; sourceTree = BUILT_PRODUCTS_DIR; };
		029FC58024252AFB0027279A /* AppDelegate.swift */ = {isa = PBXFileReference; lastKnownFileType = sourcecode.swift; path = AppDelegate.swift; sourceTree = "<group>"; };
		029FC58224252AFC0027279A /* Assets.xcassets */ = {isa = PBXFileReference; lastKnownFileType = folder.assetcatalog; path = Assets.xcassets; sourceTree = "<group>"; };
		029FC58524252AFC0027279A /* Base */ = {isa = PBXFileReference; lastKnownFileType = file.xib; name = Base; path = Base.lproj/MainMenu.xib; sourceTree = "<group>"; };
		029FC58724252AFC0027279A /* Info.plist */ = {isa = PBXFileReference; lastKnownFileType = text.plist.xml; path = Info.plist; sourceTree = "<group>"; };
		029FC58824252AFC0027279A /* INDI_Client.entitlements */ = {isa = PBXFileReference; lastKnownFileType = text.plist.entitlements; path = INDI_Client.entitlements; sourceTree = "<group>"; };
		029FC58E24252B960027279A /* INDIClientController.swift */ = {isa = PBXFileReference; lastKnownFileType = sourcecode.swift; path = INDIClientController.swift; sourceTree = "<group>"; };
		029FC5952425355E0027279A /* SwiftINDIGUI.framework */ = {isa = PBXFileReference; explicitFileType = wrapper.framework; includeInIndex = 0; path = SwiftINDIGUI.framework; sourceTree = BUILT_PRODUCTS_DIR; };
		029FC5972425355E0027279A /* SwiftINDIGUI.h */ = {isa = PBXFileReference; lastKnownFileType = sourcecode.c.h; path = SwiftINDIGUI.h; sourceTree = "<group>"; };
		029FC5982425355E0027279A /* Info.plist */ = {isa = PBXFileReference; lastKnownFileType = text.plist.xml; path = Info.plist; sourceTree = "<group>"; };
		029FC5A8242593970027279A /* INDIServerController.swift */ = {isa = PBXFileReference; lastKnownFileType = sourcecode.swift; path = INDIServerController.swift; sourceTree = "<group>"; };
		029FC5A9242593970027279A /* INDIPropertyListViewController.xib */ = {isa = PBXFileReference; lastKnownFileType = file.xib; path = INDIPropertyListViewController.xib; sourceTree = "<group>"; };
		02A9EDBA24184AC100484226 /* SwiftINDI.framework */ = {isa = PBXFileReference; explicitFileType = wrapper.framework; includeInIndex = 0; path = SwiftINDI.framework; sourceTree = BUILT_PRODUCTS_DIR; };
		02A9EDBD24184AC100484226 /* SwiftINDI.h */ = {isa = PBXFileReference; lastKnownFileType = sourcecode.c.h; path = SwiftINDI.h; sourceTree = "<group>"; };
		02A9EDBE24184AC100484226 /* Info.plist */ = {isa = PBXFileReference; lastKnownFileType = text.plist.xml; path = Info.plist; sourceTree = "<group>"; };
		02A9EDC324184AC100484226 /* SwiftINDITests.xctest */ = {isa = PBXFileReference; explicitFileType = wrapper.cfbundle; includeInIndex = 0; path = SwiftINDITests.xctest; sourceTree = BUILT_PRODUCTS_DIR; };
		02A9EDC824184AC100484226 /* SwiftINDITests.swift */ = {isa = PBXFileReference; lastKnownFileType = sourcecode.swift; path = SwiftINDITests.swift; sourceTree = "<group>"; };
		02A9EDCA24184AC100484226 /* Info.plist */ = {isa = PBXFileReference; lastKnownFileType = text.plist.xml; path = Info.plist; sourceTree = "<group>"; };
		02A9EDE62418525000484226 /* BasicINDIServer.swift */ = {isa = PBXFileReference; lastKnownFileType = sourcecode.swift; path = BasicINDIServer.swift; sourceTree = "<group>"; };
		02DD873D242E6D90000D1F1D /* INDIPropertyVectorItemView.swift */ = {isa = PBXFileReference; lastKnownFileType = sourcecode.swift; path = INDIPropertyVectorItemView.swift; sourceTree = "<group>"; };
		02DD873F242E6DD0000D1F1D /* INDIPropertyVectorItemView.xib */ = {isa = PBXFileReference; lastKnownFileType = file.xib; path = INDIPropertyVectorItemView.xib; sourceTree = "<group>"; };
		02DD8741242EC660000D1F1D /* INDIGroupItemView.xib */ = {isa = PBXFileReference; lastKnownFileType = file.xib; path = INDIGroupItemView.xib; sourceTree = "<group>"; };
		02DD8743242EC75C000D1F1D /* INDIGroupItemView.swift */ = {isa = PBXFileReference; lastKnownFileType = sourcecode.swift; path = INDIGroupItemView.swift; sourceTree = "<group>"; };
		02DD8746242ECB58000D1F1D /* INDIPropertyItemVIew.swift */ = {isa = PBXFileReference; lastKnownFileType = sourcecode.swift; path = INDIPropertyItemVIew.swift; sourceTree = "<group>"; };
		02DD8748242ECC3E000D1F1D /* INDIPropertyItemView.xib */ = {isa = PBXFileReference; lastKnownFileType = file.xib; path = INDIPropertyItemView.xib; sourceTree = "<group>"; };
		02DD874A242ED0FB000D1F1D /* INDIPropertyValueView.swift */ = {isa = PBXFileReference; lastKnownFileType = sourcecode.swift; path = INDIPropertyValueView.swift; sourceTree = "<group>"; };
		02DD874C242ED241000D1F1D /* INDIPropertyValueView.xib */ = {isa = PBXFileReference; lastKnownFileType = file.xib; path = INDIPropertyValueView.xib; sourceTree = "<group>"; };
		02E065C62441DA0B0033EC16 /* INDINumberPropertyViewController.swift */ = {isa = PBXFileReference; lastKnownFileType = sourcecode.swift; path = INDINumberPropertyViewController.swift; sourceTree = "<group>"; };
		02E065C72441DA0B0033EC16 /* INDINumberPropertyViewController.xib */ = {isa = PBXFileReference; lastKnownFileType = file.xib; path = INDINumberPropertyViewController.xib; sourceTree = "<group>"; };
		02F8488D242D6334007D3084 /* INDIDeviceItemView.xib */ = {isa = PBXFileReference; lastKnownFileType = file.xib; path = INDIDeviceItemView.xib; sourceTree = "<group>"; };
		02F8488F242D6525007D3084 /* INDIDeviceItemView.swift */ = {isa = PBXFileReference; lastKnownFileType = sourcecode.swift; path = INDIDeviceItemView.swift; sourceTree = "<group>"; };
		C7586CCC26419CFB008B87B0 /* INDIControllerModel.swift */ = {isa = PBXFileReference; lastKnownFileType = sourcecode.swift; path = INDIControllerModel.swift; sourceTree = "<group>"; };
		C7586CD426434325008B87B0 /* DeviceDetail.swift */ = {isa = PBXFileReference; lastKnownFileType = sourcecode.swift; path = DeviceDetail.swift; sourceTree = "<group>"; };
		C7586CDF26443D43008B87B0 /* ConnectionView.swift */ = {isa = PBXFileReference; lastKnownFileType = sourcecode.swift; path = ConnectionView.swift; sourceTree = "<group>"; };
		C7586CE3264471E3008B87B0 /* GroupDetail.swift */ = {isa = PBXFileReference; lastKnownFileType = sourcecode.swift; path = GroupDetail.swift; sourceTree = "<group>"; };
		C7586CE6264497E6008B87B0 /* GroupRow.swift */ = {isa = PBXFileReference; lastKnownFileType = sourcecode.swift; path = GroupRow.swift; sourceTree = "<group>"; };
		C772C0892640484400BD676F /* DeviceRow.swift */ = {isa = PBXFileReference; lastKnownFileType = sourcecode.swift; path = DeviceRow.swift; sourceTree = "<group>"; };
		C7A72A63276926E8006A4345 /* propertyViewMapping.json */ = {isa = PBXFileReference; lastKnownFileType = text.json; path = propertyViewMapping.json; sourceTree = "<group>"; };
		C7A72A65276932D2006A4345 /* OnCoordinateSetView.swift */ = {isa = PBXFileReference; lastKnownFileType = sourcecode.swift; path = OnCoordinateSetView.swift; sourceTree = "<group>"; };
		C7F104212639896600D85C26 /* SwiftSocket.xcodeproj */ = {isa = PBXFileReference; lastKnownFileType = "wrapper.pb-project"; name = SwiftSocket.xcodeproj; path = ../SwiftSocket/SwiftSocket.xcodeproj; sourceTree = "<group>"; };
		C7F10454263C51F800D85C26 /* INDI Controller.app */ = {isa = PBXFileReference; explicitFileType = wrapper.application; includeInIndex = 0; path = "INDI Controller.app"; sourceTree = BUILT_PRODUCTS_DIR; };
		C7F10456263C51F800D85C26 /* INDI_ControllerApp.swift */ = {isa = PBXFileReference; lastKnownFileType = sourcecode.swift; path = INDI_ControllerApp.swift; sourceTree = "<group>"; };
		C7F10458263C51F800D85C26 /* ContentView.swift */ = {isa = PBXFileReference; lastKnownFileType = sourcecode.swift; path = ContentView.swift; sourceTree = "<group>"; };
		C7F1045A263C51FC00D85C26 /* Assets.xcassets */ = {isa = PBXFileReference; lastKnownFileType = folder.assetcatalog; path = Assets.xcassets; sourceTree = "<group>"; };
		C7F1045D263C51FC00D85C26 /* Preview Assets.xcassets */ = {isa = PBXFileReference; lastKnownFileType = folder.assetcatalog; path = "Preview Assets.xcassets"; sourceTree = "<group>"; };
		C7F1045F263C51FC00D85C26 /* Info.plist */ = {isa = PBXFileReference; lastKnownFileType = text.plist.xml; path = Info.plist; sourceTree = "<group>"; };
		C7F10460263C51FC00D85C26 /* INDI_Controller.entitlements */ = {isa = PBXFileReference; lastKnownFileType = text.plist.entitlements; path = INDI_Controller.entitlements; sourceTree = "<group>"; };
		C7F1047F263D8D8200D85C26 /* INDIUIModelTests.swift */ = {isa = PBXFileReference; lastKnownFileType = sourcecode.swift; path = INDIUIModelTests.swift; sourceTree = "<group>"; };
		C7F10481263D8D8300D85C26 /* Info.plist */ = {isa = PBXFileReference; lastKnownFileType = text.plist.xml; path = Info.plist; sourceTree = "<group>"; };
		C7F104B2263E0A6500D85C26 /* AddServerSheet.swift */ = {isa = PBXFileReference; lastKnownFileType = sourcecode.swift; path = AddServerSheet.swift; sourceTree = "<group>"; };
		C7F104F8263ECF3600D85C26 /* ServerRow.swift */ = {isa = PBXFileReference; lastKnownFileType = sourcecode.swift; path = ServerRow.swift; sourceTree = "<group>"; };
		C7F104FC263ECF6100D85C26 /* ServerDetail.swift */ = {isa = PBXFileReference; lastKnownFileType = sourcecode.swift; path = ServerDetail.swift; sourceTree = "<group>"; };
		C7F10500263F3CE600D85C26 /* ConnectToolbarItem.swift */ = {isa = PBXFileReference; lastKnownFileType = sourcecode.swift; path = ConnectToolbarItem.swift; sourceTree = "<group>"; };
		C7F54CE9264609EA008D8965 /* TitleToolbarItem.swift */ = {isa = PBXFileReference; lastKnownFileType = sourcecode.swift; path = TitleToolbarItem.swift; sourceTree = "<group>"; };
		C7F54CED2646149A008D8965 /* ParkToolbarItem.swift */ = {isa = PBXFileReference; lastKnownFileType = sourcecode.swift; path = ParkToolbarItem.swift; sourceTree = "<group>"; };
/* End PBXFileReference section */

/* Begin PBXFrameworksBuildPhase section */
		029FC57B24252AFB0027279A /* Frameworks */ = {
			isa = PBXFrameworksBuildPhase;
			buildActionMask = 2147483647;
			files = (
				029FC5A22425357A0027279A /* SwiftINDI.framework in Frameworks */,
				029FC59C2425355E0027279A /* SwiftINDIGUI.framework in Frameworks */,
			);
			runOnlyForDeploymentPostprocessing = 0;
		};
		029FC5922425355E0027279A /* Frameworks */ = {
			isa = PBXFrameworksBuildPhase;
			buildActionMask = 2147483647;
			files = (
				029FC5AC242595EF0027279A /* SwiftINDI.framework in Frameworks */,
			);
			runOnlyForDeploymentPostprocessing = 0;
		};
		02A9EDB724184AC100484226 /* Frameworks */ = {
			isa = PBXFrameworksBuildPhase;
			buildActionMask = 2147483647;
			files = (
				C7F104452639899200D85C26 /* SwiftSocket.framework in Frameworks */,
			);
			runOnlyForDeploymentPostprocessing = 0;
		};
		02A9EDC024184AC100484226 /* Frameworks */ = {
			isa = PBXFrameworksBuildPhase;
			buildActionMask = 2147483647;
			files = (
				02A9EDC424184AC100484226 /* SwiftINDI.framework in Frameworks */,
			);
			runOnlyForDeploymentPostprocessing = 0;
		};
		C7F10451263C51F800D85C26 /* Frameworks */ = {
			isa = PBXFrameworksBuildPhase;
			buildActionMask = 2147483647;
			files = (
				C7586CD92643ECE8008B87B0 /* SwiftINDI.framework in Frameworks */,
			);
			runOnlyForDeploymentPostprocessing = 0;
		};
/* End PBXFrameworksBuildPhase section */

/* Begin PBXGroup section */
		020D2D66241CE7FB00A97EA5 /* Frameworks */ = {
			isa = PBXGroup;
			children = (
			);
			name = Frameworks;
			sourceTree = "<group>";
		};
		020D2D70241D665E00A97EA5 /* Model */ = {
			isa = PBXGroup;
			children = (
				020D2D6E241CF3D500A97EA5 /* INDIDevice.swift */,
				020D2D71241D668800A97EA5 /* INDIProperty.swift */,
				020FE5E724226AD700427BE6 /* INDIDefaultProperty.swift */,
				020FE5E524226A6E00427BE6 /* INDITextProperty.swift */,
				020FE5E9242284EB00427BE6 /* INDINumberProperty.swift */,
				020FE5EB2422E43A00427BE6 /* INDISwitchProperty.swift */,
				020FE5ED2422E5FD00427BE6 /* INDILightProperty.swift */,
				020FE5EF2422EB5D00427BE6 /* INDIBLOBProperty.swift */,
			);
			path = Model;
			sourceTree = "<group>";
		};
		028E360F24339E14000A73C4 /* Item Detail Views */ = {
			isa = PBXGroup;
			children = (
				02631814244078EF008FEBE5 /* INDIViewController.swift */,
				028E361024339E6B000A73C4 /* INDITextPropertyViewController.swift */,
				028E360D24339E0A000A73C4 /* INDITextPropertyView.xib */,
				02631816244130C3008FEBE5 /* INDIConnectPropertyViewController.swift */,
				02631817244130C3008FEBE5 /* INDIConnectPropertyViewController.xib */,
				02E065C62441DA0B0033EC16 /* INDINumberPropertyViewController.swift */,
				02E065C72441DA0B0033EC16 /* INDINumberPropertyViewController.xib */,
			);
			path = "Item Detail Views";
			sourceTree = "<group>";
		};
		029BBD00241D93CB004E60E4 /* Errors */ = {
			isa = PBXGroup;
			children = (
				029BBD01241D93EA004E60E4 /* INDIError.swift */,
			);
			path = Errors;
			sourceTree = "<group>";
		};
		029FC57F24252AFB0027279A /* INDI Client */ = {
			isa = PBXGroup;
			children = (
				029FC58D24252B190027279A /* Controllers */,
				029FC58C24252B0F0027279A /* Views */,
				029FC58224252AFC0027279A /* Assets.xcassets */,
				029FC58724252AFC0027279A /* Info.plist */,
				029FC58824252AFC0027279A /* INDI_Client.entitlements */,
			);
			path = "INDI Client";
			sourceTree = "<group>";
		};
		029FC58C24252B0F0027279A /* Views */ = {
			isa = PBXGroup;
			children = (
				029FC58424252AFC0027279A /* MainMenu.xib */,
			);
			path = Views;
			sourceTree = "<group>";
		};
		029FC58D24252B190027279A /* Controllers */ = {
			isa = PBXGroup;
			children = (
				029FC58024252AFB0027279A /* AppDelegate.swift */,
				029FC58E24252B960027279A /* INDIClientController.swift */,
			);
			path = Controllers;
			sourceTree = "<group>";
		};
		029FC5962425355E0027279A /* SwiftINDIGUI */ = {
			isa = PBXGroup;
			children = (
				029FC5A7242535CC0027279A /* Controllers */,
				029FC5A6242535C40027279A /* Views */,
				029FC5972425355E0027279A /* SwiftINDIGUI.h */,
				029FC5982425355E0027279A /* Info.plist */,
			);
			path = SwiftINDIGUI;
			sourceTree = "<group>";
		};
		029FC5A6242535C40027279A /* Views */ = {
			isa = PBXGroup;
			children = (
				028E360F24339E14000A73C4 /* Item Detail Views */,
				02DD8745242ECB2D000D1F1D /* Cell Views */,
				029FC5A9242593970027279A /* INDIPropertyListViewController.xib */,
			);
			path = Views;
			sourceTree = "<group>";
		};
		029FC5A7242535CC0027279A /* Controllers */ = {
			isa = PBXGroup;
			children = (
				029FC5A8242593970027279A /* INDIServerController.swift */,
			);
			path = Controllers;
			sourceTree = "<group>";
		};
		02A9EDB024184AC100484226 = {
			isa = PBXGroup;
			children = (
				C7F104212639896600D85C26 /* SwiftSocket.xcodeproj */,
				02A9EDBC24184AC100484226 /* SwiftINDI */,
				02A9EDC724184AC100484226 /* SwiftINDITests */,
				029FC5962425355E0027279A /* SwiftINDIGUI */,
				029FC57F24252AFB0027279A /* INDI Client */,
				C7F10455263C51F800D85C26 /* INDI Controller */,
				C7F1047E263D8D8200D85C26 /* INDIUIModelTests */,
				02A9EDBB24184AC100484226 /* Products */,
				020D2D66241CE7FB00A97EA5 /* Frameworks */,
			);
			sourceTree = "<group>";
		};
		02A9EDBB24184AC100484226 /* Products */ = {
			isa = PBXGroup;
			children = (
				02A9EDBA24184AC100484226 /* SwiftINDI.framework */,
				02A9EDC324184AC100484226 /* SwiftINDITests.xctest */,
				029FC57E24252AFB0027279A /* INDI Client.app */,
				029FC5952425355E0027279A /* SwiftINDIGUI.framework */,
				C7F10454263C51F800D85C26 /* INDI Controller.app */,
			);
			name = Products;
			sourceTree = "<group>";
		};
		02A9EDBC24184AC100484226 /* SwiftINDI */ = {
			isa = PBXGroup;
			children = (
				02A9EDE52418521F00484226 /* INDI */,
				02A9EDBD24184AC100484226 /* SwiftINDI.h */,
				02A9EDBE24184AC100484226 /* Info.plist */,
			);
			path = SwiftINDI;
			sourceTree = "<group>";
		};
		02A9EDC724184AC100484226 /* SwiftINDITests */ = {
			isa = PBXGroup;
			children = (
				02A9EDC824184AC100484226 /* SwiftINDITests.swift */,
				02A9EDCA24184AC100484226 /* Info.plist */,
			);
			path = SwiftINDITests;
			sourceTree = "<group>";
		};
		02A9EDE52418521F00484226 /* INDI */ = {
			isa = PBXGroup;
			children = (
				029BBD00241D93CB004E60E4 /* Errors */,
				020D2D70241D665E00A97EA5 /* Model */,
				02A9EDE62418525000484226 /* BasicINDIServer.swift */,
				020D2D6C241CE95F00A97EA5 /* INDIDelegate.swift */,
			);
			path = INDI;
			sourceTree = "<group>";
		};
		02DD8745242ECB2D000D1F1D /* Cell Views */ = {
			isa = PBXGroup;
			children = (
				029061A3242CB9FE00778B28 /* INDIServerItemView.swift */,
				029061A1242CB68200778B28 /* INDIServerItemView.xib */,
				02F8488F242D6525007D3084 /* INDIDeviceItemView.swift */,
				02F8488D242D6334007D3084 /* INDIDeviceItemView.xib */,
				02DD8743242EC75C000D1F1D /* INDIGroupItemView.swift */,
				02DD8741242EC660000D1F1D /* INDIGroupItemView.xib */,
				02DD873D242E6D90000D1F1D /* INDIPropertyVectorItemView.swift */,
				02DD873F242E6DD0000D1F1D /* INDIPropertyVectorItemView.xib */,
				02DD8746242ECB58000D1F1D /* INDIPropertyItemVIew.swift */,
				02DD8748242ECC3E000D1F1D /* INDIPropertyItemView.xib */,
				02DD874A242ED0FB000D1F1D /* INDIPropertyValueView.swift */,
				02DD874C242ED241000D1F1D /* INDIPropertyValueView.xib */,
				02249D9F2430EE4A00BE9BDB /* INDIPropertyVectorValueView.swift */,
				02249D9D2430EDF800BE9BDB /* INDIPropertyVectorValueView.xib */,
			);
			path = "Cell Views";
			sourceTree = "<group>";
		};
		C7586CDE26443D25008B87B0 /* Property Views */ = {
			isa = PBXGroup;
			children = (
				C7586CDF26443D43008B87B0 /* ConnectionView.swift */,
				C7A72A65276932D2006A4345 /* OnCoordinateSetView.swift */,
			);
			path = "Property Views";
			sourceTree = "<group>";
		};
		C772C06B263F477C00BD676F /* Model */ = {
			isa = PBXGroup;
			children = (
				C7586CCC26419CFB008B87B0 /* INDIControllerModel.swift */,
			);
			path = Model;
			sourceTree = "<group>";
		};
		C772C0862640480400BD676F /* Navigation Views */ = {
			isa = PBXGroup;
			children = (
				C7F104F8263ECF3600D85C26 /* ServerRow.swift */,
				C772C0892640484400BD676F /* DeviceRow.swift */,
				C7586CE6264497E6008B87B0 /* GroupRow.swift */,
			);
			path = "Navigation Views";
			sourceTree = "<group>";
		};
		C772C0872640481500BD676F /* Detail Views */ = {
			isa = PBXGroup;
			children = (
				C7F104FC263ECF6100D85C26 /* ServerDetail.swift */,
				C7586CD426434325008B87B0 /* DeviceDetail.swift */,
				C7586CE3264471E3008B87B0 /* GroupDetail.swift */,
			);
			path = "Detail Views";
			sourceTree = "<group>";
		};
		C772C0882640482400BD676F /* Sheets */ = {
			isa = PBXGroup;
			children = (
				C7F104B2263E0A6500D85C26 /* AddServerSheet.swift */,
			);
			path = Sheets;
			sourceTree = "<group>";
		};
		C7A72A62276926C2006A4345 /* Resources */ = {
			isa = PBXGroup;
			children = (
				C7A72A63276926E8006A4345 /* propertyViewMapping.json */,
			);
			path = Resources;
			sourceTree = "<group>";
		};
		C7F104222639896600D85C26 /* Products */ = {
			isa = PBXGroup;
			children = (
				C7F104292639896600D85C26 /* SwiftSocket.framework */,
				C7F1042B2639896600D85C26 /* SwiftSocket.framework */,
				C7F1042D2639896600D85C26 /* SwiftSocket.framework */,
				C7F1042F2639896600D85C26 /* iOS Example.app */,
			);
			name = Products;
			sourceTree = "<group>";
		};
		C7F10455263C51F800D85C26 /* INDI Controller */ = {
			isa = PBXGroup;
			children = (
				C7A72A62276926C2006A4345 /* Resources */,
				C772C06B263F477C00BD676F /* Model */,
				C7F104B1263E0A0B00D85C26 /* Views */,
				C7F10456263C51F800D85C26 /* INDI_ControllerApp.swift */,
				C7F1045A263C51FC00D85C26 /* Assets.xcassets */,
				C7F1045F263C51FC00D85C26 /* Info.plist */,
				C7F10460263C51FC00D85C26 /* INDI_Controller.entitlements */,
				C7F1045C263C51FC00D85C26 /* Preview Content */,
			);
			path = "INDI Controller";
			sourceTree = "<group>";
		};
		C7F1045C263C51FC00D85C26 /* Preview Content */ = {
			isa = PBXGroup;
			children = (
				C7F1045D263C51FC00D85C26 /* Preview Assets.xcassets */,
			);
			path = "Preview Content";
			sourceTree = "<group>";
		};
		C7F1047E263D8D8200D85C26 /* INDIUIModelTests */ = {
			isa = PBXGroup;
			children = (
				C7F1047F263D8D8200D85C26 /* INDIUIModelTests.swift */,
				C7F10481263D8D8300D85C26 /* Info.plist */,
			);
			path = INDIUIModelTests;
			sourceTree = "<group>";
		};
		C7F104B1263E0A0B00D85C26 /* Views */ = {
			isa = PBXGroup;
			children = (
				C7F54CE4264609A5008D8965 /* Toolbar Items */,
				C7586CDE26443D25008B87B0 /* Property Views */,
				C772C0882640482400BD676F /* Sheets */,
				C772C0872640481500BD676F /* Detail Views */,
				C772C0862640480400BD676F /* Navigation Views */,
				C7F10458263C51F800D85C26 /* ContentView.swift */,
			);
			path = Views;
			sourceTree = "<group>";
		};
		C7F54CE4264609A5008D8965 /* Toolbar Items */ = {
			isa = PBXGroup;
			children = (
				C7F10500263F3CE600D85C26 /* ConnectToolbarItem.swift */,
				C7F54CE9264609EA008D8965 /* TitleToolbarItem.swift */,
				C7F54CED2646149A008D8965 /* ParkToolbarItem.swift */,
			);
			path = "Toolbar Items";
			sourceTree = "<group>";
		};
/* End PBXGroup section */

/* Begin PBXHeadersBuildPhase section */
		029FC5902425355E0027279A /* Headers */ = {
			isa = PBXHeadersBuildPhase;
			buildActionMask = 2147483647;
			files = (
				029FC5992425355E0027279A /* SwiftINDIGUI.h in Headers */,
			);
			runOnlyForDeploymentPostprocessing = 0;
		};
		02A9EDB524184AC100484226 /* Headers */ = {
			isa = PBXHeadersBuildPhase;
			buildActionMask = 2147483647;
			files = (
				02A9EDCB24184AC100484226 /* SwiftINDI.h in Headers */,
			);
			runOnlyForDeploymentPostprocessing = 0;
		};
/* End PBXHeadersBuildPhase section */

/* Begin PBXNativeTarget section */
		029FC57D24252AFB0027279A /* INDI Client */ = {
			isa = PBXNativeTarget;
			buildConfigurationList = 029FC58924252AFC0027279A /* Build configuration list for PBXNativeTarget "INDI Client" */;
			buildPhases = (
				029FC57A24252AFB0027279A /* Sources */,
				029FC57B24252AFB0027279A /* Frameworks */,
				029FC57C24252AFB0027279A /* Resources */,
				029FC5A12425355E0027279A /* Embed Frameworks */,
			);
			buildRules = (
			);
			dependencies = (
				029FC5A52425357A0027279A /* PBXTargetDependency */,
				029FC59B2425355E0027279A /* PBXTargetDependency */,
			);
			name = "INDI Client";
			productName = "INDI Client";
			productReference = 029FC57E24252AFB0027279A /* INDI Client.app */;
			productType = "com.apple.product-type.application";
		};
		029FC5942425355E0027279A /* SwiftINDIGUI */ = {
			isa = PBXNativeTarget;
			buildConfigurationList = 029FC59E2425355E0027279A /* Build configuration list for PBXNativeTarget "SwiftINDIGUI" */;
			buildPhases = (
				029FC5902425355E0027279A /* Headers */,
				029FC5912425355E0027279A /* Sources */,
				029FC5922425355E0027279A /* Frameworks */,
				029FC5932425355E0027279A /* Resources */,
				029FC5B0242595EF0027279A /* Embed Frameworks */,
			);
			buildRules = (
			);
			dependencies = (
				029FC5AF242595EF0027279A /* PBXTargetDependency */,
			);
			name = SwiftINDIGUI;
			productName = SwiftINDIGUI;
			productReference = 029FC5952425355E0027279A /* SwiftINDIGUI.framework */;
			productType = "com.apple.product-type.framework";
		};
		02A9EDB924184AC100484226 /* SwiftINDI */ = {
			isa = PBXNativeTarget;
			buildConfigurationList = 02A9EDCE24184AC100484226 /* Build configuration list for PBXNativeTarget "SwiftINDI" */;
			buildPhases = (
				02A9EDB524184AC100484226 /* Headers */,
				02A9EDB624184AC100484226 /* Sources */,
				02A9EDB724184AC100484226 /* Frameworks */,
				02A9EDB824184AC100484226 /* Resources */,
				02A9EDEC2419A1F200484226 /* Embed Frameworks */,
			);
			buildRules = (
			);
			dependencies = (
			);
			name = SwiftINDI;
			packageProductDependencies = (
			);
			productName = SwiftINDI;
			productReference = 02A9EDBA24184AC100484226 /* SwiftINDI.framework */;
			productType = "com.apple.product-type.framework";
		};
		02A9EDC224184AC100484226 /* SwiftINDITests */ = {
			isa = PBXNativeTarget;
			buildConfigurationList = 02A9EDD124184AC100484226 /* Build configuration list for PBXNativeTarget "SwiftINDITests" */;
			buildPhases = (
				02A9EDBF24184AC100484226 /* Sources */,
				02A9EDC024184AC100484226 /* Frameworks */,
				02A9EDC124184AC100484226 /* Resources */,
			);
			buildRules = (
			);
			dependencies = (
				02A9EDC624184AC100484226 /* PBXTargetDependency */,
			);
			name = SwiftINDITests;
			productName = SwiftINDITests;
			productReference = 02A9EDC324184AC100484226 /* SwiftINDITests.xctest */;
			productType = "com.apple.product-type.bundle.unit-test";
		};
		C7F10453263C51F800D85C26 /* INDI Controller */ = {
			isa = PBXNativeTarget;
			buildConfigurationList = C7F10467263C51FC00D85C26 /* Build configuration list for PBXNativeTarget "INDI Controller" */;
			buildPhases = (
				C7F10450263C51F800D85C26 /* Sources */,
				C7F10451263C51F800D85C26 /* Frameworks */,
				C7F10452263C51F800D85C26 /* Resources */,
				C7F104C4263E296F00D85C26 /* Embed Frameworks */,
			);
			buildRules = (
			);
			dependencies = (
				C7586CD82643ECCC008B87B0 /* PBXTargetDependency */,
				C7586CDC2643ECE8008B87B0 /* PBXTargetDependency */,
			);
			name = "INDI Controller";
			productName = "INDI Controller";
			productReference = C7F10454263C51F800D85C26 /* INDI Controller.app */;
			productType = "com.apple.product-type.application";
		};
/* End PBXNativeTarget section */

/* Begin PBXProject section */
		02A9EDB124184AC100484226 /* Project object */ = {
			isa = PBXProject;
			attributes = {
				LastSwiftUpdateCheck = 1240;
				LastUpgradeCheck = 1240;
				ORGANIZATIONNAME = lapsedpacifist;
				TargetAttributes = {
					029FC57D24252AFB0027279A = {
						CreatedOnToolsVersion = 11.3.1;
					};
					029FC5942425355E0027279A = {
						CreatedOnToolsVersion = 11.3.1;
						LastSwiftMigration = 1130;
					};
					02A9EDB924184AC100484226 = {
						CreatedOnToolsVersion = 11.3.1;
						LastSwiftMigration = 1130;
					};
					02A9EDC224184AC100484226 = {
						CreatedOnToolsVersion = 11.3.1;
					};
					C7F10453263C51F800D85C26 = {
						CreatedOnToolsVersion = 12.4;
					};
				};
			};
			buildConfigurationList = 02A9EDB424184AC100484226 /* Build configuration list for PBXProject "SwiftINDI" */;
			compatibilityVersion = "Xcode 9.3";
			developmentRegion = en;
			hasScannedForEncodings = 0;
			knownRegions = (
				en,
				Base,
			);
			mainGroup = 02A9EDB024184AC100484226;
			packageReferences = (
			);
			productRefGroup = 02A9EDBB24184AC100484226 /* Products */;
			projectDirPath = "";
			projectReferences = (
				{
					ProductGroup = C7F104222639896600D85C26 /* Products */;
					ProjectRef = C7F104212639896600D85C26 /* SwiftSocket.xcodeproj */;
				},
			);
			projectRoot = "";
			targets = (
				02A9EDB924184AC100484226 /* SwiftINDI */,
				02A9EDC224184AC100484226 /* SwiftINDITests */,
				029FC57D24252AFB0027279A /* INDI Client */,
				029FC5942425355E0027279A /* SwiftINDIGUI */,
				C7F10453263C51F800D85C26 /* INDI Controller */,
			);
		};
/* End PBXProject section */

/* Begin PBXReferenceProxy section */
		C7F104292639896600D85C26 /* SwiftSocket.framework */ = {
			isa = PBXReferenceProxy;
			fileType = wrapper.framework;
			path = SwiftSocket.framework;
			remoteRef = C7F104282639896600D85C26 /* PBXContainerItemProxy */;
			sourceTree = BUILT_PRODUCTS_DIR;
		};
		C7F1042B2639896600D85C26 /* SwiftSocket.framework */ = {
			isa = PBXReferenceProxy;
			fileType = wrapper.framework;
			path = SwiftSocket.framework;
			remoteRef = C7F1042A2639896600D85C26 /* PBXContainerItemProxy */;
			sourceTree = BUILT_PRODUCTS_DIR;
		};
		C7F1042D2639896600D85C26 /* SwiftSocket.framework */ = {
			isa = PBXReferenceProxy;
			fileType = wrapper.framework;
			path = SwiftSocket.framework;
			remoteRef = C7F1042C2639896600D85C26 /* PBXContainerItemProxy */;
			sourceTree = BUILT_PRODUCTS_DIR;
		};
		C7F1042F2639896600D85C26 /* iOS Example.app */ = {
			isa = PBXReferenceProxy;
			fileType = wrapper.application;
			path = "iOS Example.app";
			remoteRef = C7F1042E2639896600D85C26 /* PBXContainerItemProxy */;
			sourceTree = BUILT_PRODUCTS_DIR;
		};
/* End PBXReferenceProxy section */

/* Begin PBXResourcesBuildPhase section */
		029FC57C24252AFB0027279A /* Resources */ = {
			isa = PBXResourcesBuildPhase;
			buildActionMask = 2147483647;
			files = (
				029FC58324252AFC0027279A /* Assets.xcassets in Resources */,
				029FC58624252AFC0027279A /* MainMenu.xib in Resources */,
			);
			runOnlyForDeploymentPostprocessing = 0;
		};
		029FC5932425355E0027279A /* Resources */ = {
			isa = PBXResourcesBuildPhase;
			buildActionMask = 2147483647;
			files = (
				02DD8742242EC660000D1F1D /* INDIGroupItemView.xib in Resources */,
				029061A2242CB68200778B28 /* INDIServerItemView.xib in Resources */,
				02DD874D242ED241000D1F1D /* INDIPropertyValueView.xib in Resources */,
				02E065C92441DA0B0033EC16 /* INDINumberPropertyViewController.xib in Resources */,
				02DD8740242E6DD0000D1F1D /* INDIPropertyVectorItemView.xib in Resources */,
				02249D9E2430EDF800BE9BDB /* INDIPropertyVectorValueView.xib in Resources */,
				02F8488E242D6334007D3084 /* INDIDeviceItemView.xib in Resources */,
				02DD8749242ECC3E000D1F1D /* INDIPropertyItemView.xib in Resources */,
				029FC5AB242593970027279A /* INDIPropertyListViewController.xib in Resources */,
				02631819244130C4008FEBE5 /* INDIConnectPropertyViewController.xib in Resources */,
				028E360E24339E0A000A73C4 /* INDITextPropertyView.xib in Resources */,
			);
			runOnlyForDeploymentPostprocessing = 0;
		};
		02A9EDB824184AC100484226 /* Resources */ = {
			isa = PBXResourcesBuildPhase;
			buildActionMask = 2147483647;
			files = (
			);
			runOnlyForDeploymentPostprocessing = 0;
		};
		02A9EDC124184AC100484226 /* Resources */ = {
			isa = PBXResourcesBuildPhase;
			buildActionMask = 2147483647;
			files = (
			);
			runOnlyForDeploymentPostprocessing = 0;
		};
		C7F10452263C51F800D85C26 /* Resources */ = {
			isa = PBXResourcesBuildPhase;
			buildActionMask = 2147483647;
			files = (
				C7F1045E263C51FC00D85C26 /* Preview Assets.xcassets in Resources */,
				C7F1045B263C51FC00D85C26 /* Assets.xcassets in Resources */,
				C7A72A64276926E8006A4345 /* propertyViewMapping.json in Resources */,
			);
			runOnlyForDeploymentPostprocessing = 0;
		};
/* End PBXResourcesBuildPhase section */

/* Begin PBXSourcesBuildPhase section */
		029FC57A24252AFB0027279A /* Sources */ = {
			isa = PBXSourcesBuildPhase;
			buildActionMask = 2147483647;
			files = (
				029FC58F24252B960027279A /* INDIClientController.swift in Sources */,
				029FC58124252AFB0027279A /* AppDelegate.swift in Sources */,
			);
			runOnlyForDeploymentPostprocessing = 0;
		};
		029FC5912425355E0027279A /* Sources */ = {
			isa = PBXSourcesBuildPhase;
			buildActionMask = 2147483647;
			files = (
				02631818244130C4008FEBE5 /* INDIConnectPropertyViewController.swift in Sources */,
				02631815244078EF008FEBE5 /* INDIViewController.swift in Sources */,
				02E065C82441DA0B0033EC16 /* INDINumberPropertyViewController.swift in Sources */,
				02249DA02430EE4A00BE9BDB /* INDIPropertyVectorValueView.swift in Sources */,
				02DD8747242ECB58000D1F1D /* INDIPropertyItemVIew.swift in Sources */,
				02DD874B242ED0FB000D1F1D /* INDIPropertyValueView.swift in Sources */,
				029061A4242CB9FE00778B28 /* INDIServerItemView.swift in Sources */,
				02DD8744242EC75C000D1F1D /* INDIGroupItemView.swift in Sources */,
				02F84890242D6525007D3084 /* INDIDeviceItemView.swift in Sources */,
				02DD873E242E6D90000D1F1D /* INDIPropertyVectorItemView.swift in Sources */,
				029FC5AA242593970027279A /* INDIServerController.swift in Sources */,
				028E361124339E6B000A73C4 /* INDITextPropertyViewController.swift in Sources */,
			);
			runOnlyForDeploymentPostprocessing = 0;
		};
		02A9EDB624184AC100484226 /* Sources */ = {
			isa = PBXSourcesBuildPhase;
			buildActionMask = 2147483647;
			files = (
				020FE5EC2422E43A00427BE6 /* INDISwitchProperty.swift in Sources */,
				020D2D6D241CE95F00A97EA5 /* INDIDelegate.swift in Sources */,
				020FE5E624226A6E00427BE6 /* INDITextProperty.swift in Sources */,
				020FE5EE2422E5FD00427BE6 /* INDILightProperty.swift in Sources */,
				02A9EDE72418525000484226 /* BasicINDIServer.swift in Sources */,
				020FE5E824226AD700427BE6 /* INDIDefaultProperty.swift in Sources */,
				020D2D72241D668800A97EA5 /* INDIProperty.swift in Sources */,
				020FE5F02422EB5D00427BE6 /* INDIBLOBProperty.swift in Sources */,
				020FE5EA242284EB00427BE6 /* INDINumberProperty.swift in Sources */,
				020D2D6F241CF3D500A97EA5 /* INDIDevice.swift in Sources */,
				029BBD02241D93EA004E60E4 /* INDIError.swift in Sources */,
			);
			runOnlyForDeploymentPostprocessing = 0;
		};
		02A9EDBF24184AC100484226 /* Sources */ = {
			isa = PBXSourcesBuildPhase;
			buildActionMask = 2147483647;
			files = (
				02A9EDC924184AC100484226 /* SwiftINDITests.swift in Sources */,
			);
			runOnlyForDeploymentPostprocessing = 0;
		};
		C7F10450263C51F800D85C26 /* Sources */ = {
			isa = PBXSourcesBuildPhase;
			buildActionMask = 2147483647;
			files = (
				C772C08A2640484400BD676F /* DeviceRow.swift in Sources */,
				C7F104FD263ECF6100D85C26 /* ServerDetail.swift in Sources */,
				C7F54CEA264609EA008D8965 /* TitleToolbarItem.swift in Sources */,
				C7586CE7264497E6008B87B0 /* GroupRow.swift in Sources */,
				C7586CD526434325008B87B0 /* DeviceDetail.swift in Sources */,
				C7586CE4264471E3008B87B0 /* GroupDetail.swift in Sources */,
				C7F10459263C51F800D85C26 /* ContentView.swift in Sources */,
				C7F104F9263ECF3700D85C26 /* ServerRow.swift in Sources */,
				C7586CCD26419CFB008B87B0 /* INDIControllerModel.swift in Sources */,
				C7586CE026443D43008B87B0 /* ConnectionView.swift in Sources */,
				C7F54CEE2646149A008D8965 /* ParkToolbarItem.swift in Sources */,
				C7A72A66276932D2006A4345 /* OnCoordinateSetView.swift in Sources */,
				C7F10501263F3CE600D85C26 /* ConnectToolbarItem.swift in Sources */,
				C7F104B3263E0A6500D85C26 /* AddServerSheet.swift in Sources */,
				C7F10457263C51F800D85C26 /* INDI_ControllerApp.swift in Sources */,
			);
			runOnlyForDeploymentPostprocessing = 0;
		};
/* End PBXSourcesBuildPhase section */

/* Begin PBXTargetDependency section */
		029FC59B2425355E0027279A /* PBXTargetDependency */ = {
			isa = PBXTargetDependency;
			target = 029FC5942425355E0027279A /* SwiftINDIGUI */;
			targetProxy = 029FC59A2425355E0027279A /* PBXContainerItemProxy */;
		};
		029FC5A52425357A0027279A /* PBXTargetDependency */ = {
			isa = PBXTargetDependency;
			target = 02A9EDB924184AC100484226 /* SwiftINDI */;
			targetProxy = 029FC5A42425357A0027279A /* PBXContainerItemProxy */;
		};
		029FC5AF242595EF0027279A /* PBXTargetDependency */ = {
			isa = PBXTargetDependency;
			target = 02A9EDB924184AC100484226 /* SwiftINDI */;
			targetProxy = 029FC5AE242595EF0027279A /* PBXContainerItemProxy */;
		};
		02A9EDC624184AC100484226 /* PBXTargetDependency */ = {
			isa = PBXTargetDependency;
			target = 02A9EDB924184AC100484226 /* SwiftINDI */;
			targetProxy = 02A9EDC524184AC100484226 /* PBXContainerItemProxy */;
		};
		C7586CD82643ECCC008B87B0 /* PBXTargetDependency */ = {
			isa = PBXTargetDependency;
			target = 02A9EDB924184AC100484226 /* SwiftINDI */;
			targetProxy = C7586CD72643ECCC008B87B0 /* PBXContainerItemProxy */;
		};
		C7586CDC2643ECE8008B87B0 /* PBXTargetDependency */ = {
			isa = PBXTargetDependency;
			target = 02A9EDB924184AC100484226 /* SwiftINDI */;
			targetProxy = C7586CDB2643ECE8008B87B0 /* PBXContainerItemProxy */;
		};
/* End PBXTargetDependency section */

/* Begin PBXVariantGroup section */
		029FC58424252AFC0027279A /* MainMenu.xib */ = {
			isa = PBXVariantGroup;
			children = (
				029FC58524252AFC0027279A /* Base */,
			);
			name = MainMenu.xib;
			sourceTree = "<group>";
		};
/* End PBXVariantGroup section */

/* Begin XCBuildConfiguration section */
		029FC58A24252AFC0027279A /* Debug */ = {
			isa = XCBuildConfiguration;
			buildSettings = {
				ALWAYS_EMBED_SWIFT_STANDARD_LIBRARIES = YES;
				ASSETCATALOG_COMPILER_APPICON_NAME = AppIcon;
				CODE_SIGN_ENTITLEMENTS = "INDI Client/INDI_Client.entitlements";
				CODE_SIGN_IDENTITY = "Apple Development";
				CODE_SIGN_STYLE = Automatic;
				COMBINE_HIDPI_IMAGES = YES;
				DEVELOPMENT_TEAM = J2S9726G2L;
				ENABLE_HARDENED_RUNTIME = YES;
				INFOPLIST_FILE = "INDI Client/Info.plist";
				LD_RUNPATH_SEARCH_PATHS = (
					"$(inherited)",
					"@executable_path/../Frameworks",
				);
				PRODUCT_BUNDLE_IDENTIFIER = "com.lapsedpacifist.INDI-Client";
				PRODUCT_NAME = "$(TARGET_NAME)";
				SWIFT_VERSION = 5.0;
			};
			name = Debug;
		};
		029FC58B24252AFC0027279A /* Release */ = {
			isa = XCBuildConfiguration;
			buildSettings = {
				ALWAYS_EMBED_SWIFT_STANDARD_LIBRARIES = YES;
				ASSETCATALOG_COMPILER_APPICON_NAME = AppIcon;
				CODE_SIGN_ENTITLEMENTS = "INDI Client/INDI_Client.entitlements";
				CODE_SIGN_IDENTITY = "Apple Development";
				CODE_SIGN_STYLE = Automatic;
				COMBINE_HIDPI_IMAGES = YES;
				DEVELOPMENT_TEAM = J2S9726G2L;
				ENABLE_HARDENED_RUNTIME = YES;
				INFOPLIST_FILE = "INDI Client/Info.plist";
				LD_RUNPATH_SEARCH_PATHS = (
					"$(inherited)",
					"@executable_path/../Frameworks",
				);
				PRODUCT_BUNDLE_IDENTIFIER = "com.lapsedpacifist.INDI-Client";
				PRODUCT_NAME = "$(TARGET_NAME)";
				SWIFT_VERSION = 5.0;
			};
			name = Release;
		};
		029FC59F2425355E0027279A /* Debug */ = {
			isa = XCBuildConfiguration;
			buildSettings = {
				CLANG_ENABLE_MODULES = YES;
				CODE_SIGN_STYLE = Automatic;
				COMBINE_HIDPI_IMAGES = YES;
				DEFINES_MODULE = YES;
				DEVELOPMENT_TEAM = J2S9726G2L;
				DYLIB_COMPATIBILITY_VERSION = 1;
				DYLIB_CURRENT_VERSION = 1;
				DYLIB_INSTALL_NAME_BASE = "@rpath";
				INFOPLIST_FILE = SwiftINDIGUI/Info.plist;
				INSTALL_PATH = "$(LOCAL_LIBRARY_DIR)/Frameworks";
				LD_RUNPATH_SEARCH_PATHS = (
					"$(inherited)",
					"@executable_path/../Frameworks",
					"@loader_path/Frameworks",
				);
				MACOSX_DEPLOYMENT_TARGET = 11.1;
				PRODUCT_BUNDLE_IDENTIFIER = com.lapsedpacifist.SwiftINDIGUI;
				PRODUCT_NAME = "$(TARGET_NAME:c99extidentifier)";
				SKIP_INSTALL = YES;
				SWIFT_OPTIMIZATION_LEVEL = "-Onone";
				SWIFT_VERSION = 5.0;
			};
			name = Debug;
		};
		029FC5A02425355E0027279A /* Release */ = {
			isa = XCBuildConfiguration;
			buildSettings = {
				CLANG_ENABLE_MODULES = YES;
				CODE_SIGN_STYLE = Automatic;
				COMBINE_HIDPI_IMAGES = YES;
				DEFINES_MODULE = YES;
				DEVELOPMENT_TEAM = J2S9726G2L;
				DYLIB_COMPATIBILITY_VERSION = 1;
				DYLIB_CURRENT_VERSION = 1;
				DYLIB_INSTALL_NAME_BASE = "@rpath";
				INFOPLIST_FILE = SwiftINDIGUI/Info.plist;
				INSTALL_PATH = "$(LOCAL_LIBRARY_DIR)/Frameworks";
				LD_RUNPATH_SEARCH_PATHS = (
					"$(inherited)",
					"@executable_path/../Frameworks",
					"@loader_path/Frameworks",
				);
				MACOSX_DEPLOYMENT_TARGET = 11.1;
				PRODUCT_BUNDLE_IDENTIFIER = com.lapsedpacifist.SwiftINDIGUI;
				PRODUCT_NAME = "$(TARGET_NAME:c99extidentifier)";
				SKIP_INSTALL = YES;
				SWIFT_VERSION = 5.0;
			};
			name = Release;
		};
		02A9EDCC24184AC100484226 /* Debug */ = {
			isa = XCBuildConfiguration;
			buildSettings = {
				ALWAYS_SEARCH_USER_PATHS = NO;
				CLANG_ANALYZER_NONNULL = YES;
				CLANG_ANALYZER_NUMBER_OBJECT_CONVERSION = YES_AGGRESSIVE;
				CLANG_CXX_LANGUAGE_STANDARD = "gnu++14";
				CLANG_CXX_LIBRARY = "libc++";
				CLANG_ENABLE_MODULES = YES;
				CLANG_ENABLE_OBJC_ARC = YES;
				CLANG_ENABLE_OBJC_WEAK = YES;
				CLANG_WARN_BLOCK_CAPTURE_AUTORELEASING = YES;
				CLANG_WARN_BOOL_CONVERSION = YES;
				CLANG_WARN_COMMA = YES;
				CLANG_WARN_CONSTANT_CONVERSION = YES;
				CLANG_WARN_DEPRECATED_OBJC_IMPLEMENTATIONS = YES;
				CLANG_WARN_DIRECT_OBJC_ISA_USAGE = YES_ERROR;
				CLANG_WARN_DOCUMENTATION_COMMENTS = YES;
				CLANG_WARN_EMPTY_BODY = YES;
				CLANG_WARN_ENUM_CONVERSION = YES;
				CLANG_WARN_INFINITE_RECURSION = YES;
				CLANG_WARN_INT_CONVERSION = YES;
				CLANG_WARN_NON_LITERAL_NULL_CONVERSION = YES;
				CLANG_WARN_OBJC_IMPLICIT_RETAIN_SELF = YES;
				CLANG_WARN_OBJC_LITERAL_CONVERSION = YES;
				CLANG_WARN_OBJC_ROOT_CLASS = YES_ERROR;
				CLANG_WARN_QUOTED_INCLUDE_IN_FRAMEWORK_HEADER = YES;
				CLANG_WARN_RANGE_LOOP_ANALYSIS = YES;
				CLANG_WARN_STRICT_PROTOTYPES = YES;
				CLANG_WARN_SUSPICIOUS_MOVE = YES;
				CLANG_WARN_UNGUARDED_AVAILABILITY = YES_AGGRESSIVE;
				CLANG_WARN_UNREACHABLE_CODE = YES;
				CLANG_WARN__DUPLICATE_METHOD_MATCH = YES;
				COPY_PHASE_STRIP = NO;
				CURRENT_PROJECT_VERSION = 1;
				DEBUG_INFORMATION_FORMAT = dwarf;
				ENABLE_STRICT_OBJC_MSGSEND = YES;
				ENABLE_TESTABILITY = YES;
				GCC_C_LANGUAGE_STANDARD = gnu11;
				GCC_DYNAMIC_NO_PIC = NO;
				GCC_NO_COMMON_BLOCKS = YES;
				GCC_OPTIMIZATION_LEVEL = 0;
				GCC_PREPROCESSOR_DEFINITIONS = (
					"DEBUG=1",
					"$(inherited)",
				);
				GCC_WARN_64_TO_32_BIT_CONVERSION = YES;
				GCC_WARN_ABOUT_RETURN_TYPE = YES_ERROR;
				GCC_WARN_UNDECLARED_SELECTOR = YES;
				GCC_WARN_UNINITIALIZED_AUTOS = YES_AGGRESSIVE;
				GCC_WARN_UNUSED_FUNCTION = YES;
				GCC_WARN_UNUSED_VARIABLE = YES;
				MACOSX_DEPLOYMENT_TARGET = 11.1;
				MTL_ENABLE_DEBUG_INFO = INCLUDE_SOURCE;
				MTL_FAST_MATH = YES;
				ONLY_ACTIVE_ARCH = YES;
				SDKROOT = macosx;
				SWIFT_ACTIVE_COMPILATION_CONDITIONS = DEBUG;
				SWIFT_OPTIMIZATION_LEVEL = "-Onone";
				VERSIONING_SYSTEM = "apple-generic";
				VERSION_INFO_PREFIX = "";
			};
			name = Debug;
		};
		02A9EDCD24184AC100484226 /* Release */ = {
			isa = XCBuildConfiguration;
			buildSettings = {
				ALWAYS_SEARCH_USER_PATHS = NO;
				CLANG_ANALYZER_NONNULL = YES;
				CLANG_ANALYZER_NUMBER_OBJECT_CONVERSION = YES_AGGRESSIVE;
				CLANG_CXX_LANGUAGE_STANDARD = "gnu++14";
				CLANG_CXX_LIBRARY = "libc++";
				CLANG_ENABLE_MODULES = YES;
				CLANG_ENABLE_OBJC_ARC = YES;
				CLANG_ENABLE_OBJC_WEAK = YES;
				CLANG_WARN_BLOCK_CAPTURE_AUTORELEASING = YES;
				CLANG_WARN_BOOL_CONVERSION = YES;
				CLANG_WARN_COMMA = YES;
				CLANG_WARN_CONSTANT_CONVERSION = YES;
				CLANG_WARN_DEPRECATED_OBJC_IMPLEMENTATIONS = YES;
				CLANG_WARN_DIRECT_OBJC_ISA_USAGE = YES_ERROR;
				CLANG_WARN_DOCUMENTATION_COMMENTS = YES;
				CLANG_WARN_EMPTY_BODY = YES;
				CLANG_WARN_ENUM_CONVERSION = YES;
				CLANG_WARN_INFINITE_RECURSION = YES;
				CLANG_WARN_INT_CONVERSION = YES;
				CLANG_WARN_NON_LITERAL_NULL_CONVERSION = YES;
				CLANG_WARN_OBJC_IMPLICIT_RETAIN_SELF = YES;
				CLANG_WARN_OBJC_LITERAL_CONVERSION = YES;
				CLANG_WARN_OBJC_ROOT_CLASS = YES_ERROR;
				CLANG_WARN_QUOTED_INCLUDE_IN_FRAMEWORK_HEADER = YES;
				CLANG_WARN_RANGE_LOOP_ANALYSIS = YES;
				CLANG_WARN_STRICT_PROTOTYPES = YES;
				CLANG_WARN_SUSPICIOUS_MOVE = YES;
				CLANG_WARN_UNGUARDED_AVAILABILITY = YES_AGGRESSIVE;
				CLANG_WARN_UNREACHABLE_CODE = YES;
				CLANG_WARN__DUPLICATE_METHOD_MATCH = YES;
				COPY_PHASE_STRIP = NO;
				CURRENT_PROJECT_VERSION = 1;
				DEBUG_INFORMATION_FORMAT = "dwarf-with-dsym";
				ENABLE_NS_ASSERTIONS = NO;
				ENABLE_STRICT_OBJC_MSGSEND = YES;
				GCC_C_LANGUAGE_STANDARD = gnu11;
				GCC_NO_COMMON_BLOCKS = YES;
				GCC_WARN_64_TO_32_BIT_CONVERSION = YES;
				GCC_WARN_ABOUT_RETURN_TYPE = YES_ERROR;
				GCC_WARN_UNDECLARED_SELECTOR = YES;
				GCC_WARN_UNINITIALIZED_AUTOS = YES_AGGRESSIVE;
				GCC_WARN_UNUSED_FUNCTION = YES;
				GCC_WARN_UNUSED_VARIABLE = YES;
				MACOSX_DEPLOYMENT_TARGET = 11.1;
				MTL_ENABLE_DEBUG_INFO = NO;
				MTL_FAST_MATH = YES;
				SDKROOT = macosx;
				SWIFT_COMPILATION_MODE = wholemodule;
				SWIFT_OPTIMIZATION_LEVEL = "-O";
				VERSIONING_SYSTEM = "apple-generic";
				VERSION_INFO_PREFIX = "";
			};
			name = Release;
		};
		02A9EDCF24184AC100484226 /* Debug */ = {
			isa = XCBuildConfiguration;
			buildSettings = {
				CLANG_ENABLE_MODULES = YES;
				CODE_SIGN_IDENTITY = "-";
				CODE_SIGN_STYLE = Automatic;
				COMBINE_HIDPI_IMAGES = YES;
				DEFINES_MODULE = YES;
				DEVELOPMENT_TEAM = J2S9726G2L;
				DYLIB_COMPATIBILITY_VERSION = 1;
				DYLIB_CURRENT_VERSION = 1;
				DYLIB_INSTALL_NAME_BASE = "@rpath";
				FRAMEWORK_SEARCH_PATHS = (
					"$(inherited)",
					"$(PROJECT_DIR)",
				);
				INFOPLIST_FILE = SwiftINDI/Info.plist;
				INSTALL_PATH = "$(LOCAL_LIBRARY_DIR)/Frameworks";
				LD_RUNPATH_SEARCH_PATHS = (
					"$(inherited)",
					"@executable_path/../Frameworks",
					"@loader_path/Frameworks",
				);
				MACOSX_DEPLOYMENT_TARGET = 12.0;
				PRODUCT_BUNDLE_IDENTIFIER = com.lapsedpacifist.SwiftINDI;
				PRODUCT_NAME = "$(TARGET_NAME:c99extidentifier)";
				PROVISIONING_PROFILE_SPECIFIER = "";
				SKIP_INSTALL = YES;
				SWIFT_OPTIMIZATION_LEVEL = "-Onone";
				SWIFT_VERSION = 5.0;
			};
			name = Debug;
		};
		02A9EDD024184AC100484226 /* Release */ = {
			isa = XCBuildConfiguration;
			buildSettings = {
				CLANG_ENABLE_MODULES = YES;
				CODE_SIGN_IDENTITY = "-";
				CODE_SIGN_STYLE = Automatic;
				COMBINE_HIDPI_IMAGES = YES;
				DEFINES_MODULE = YES;
				DEVELOPMENT_TEAM = J2S9726G2L;
				DYLIB_COMPATIBILITY_VERSION = 1;
				DYLIB_CURRENT_VERSION = 1;
				DYLIB_INSTALL_NAME_BASE = "@rpath";
				FRAMEWORK_SEARCH_PATHS = (
					"$(inherited)",
					"$(PROJECT_DIR)",
				);
				INFOPLIST_FILE = SwiftINDI/Info.plist;
				INSTALL_PATH = "$(LOCAL_LIBRARY_DIR)/Frameworks";
				LD_RUNPATH_SEARCH_PATHS = (
					"$(inherited)",
					"@executable_path/../Frameworks",
					"@loader_path/Frameworks",
				);
				MACOSX_DEPLOYMENT_TARGET = 12.0;
				PRODUCT_BUNDLE_IDENTIFIER = com.lapsedpacifist.SwiftINDI;
				PRODUCT_NAME = "$(TARGET_NAME:c99extidentifier)";
				PROVISIONING_PROFILE_SPECIFIER = "";
				SKIP_INSTALL = YES;
				SWIFT_VERSION = 5.0;
			};
			name = Release;
		};
		02A9EDD224184AC100484226 /* Debug */ = {
			isa = XCBuildConfiguration;
			buildSettings = {
				ALWAYS_EMBED_SWIFT_STANDARD_LIBRARIES = YES;
				CODE_SIGN_STYLE = Automatic;
				COMBINE_HIDPI_IMAGES = YES;
				DEVELOPMENT_TEAM = J2S9726G2L;
				INFOPLIST_FILE = SwiftINDITests/Info.plist;
				LD_RUNPATH_SEARCH_PATHS = (
					"$(inherited)",
					"@executable_path/../Frameworks",
					"@loader_path/../Frameworks",
				);
				PRODUCT_BUNDLE_IDENTIFIER = com.lapsedpacifist.SwiftINDITests;
				PRODUCT_NAME = "$(TARGET_NAME)";
				SWIFT_VERSION = 5.0;
			};
			name = Debug;
		};
		02A9EDD324184AC100484226 /* Release */ = {
			isa = XCBuildConfiguration;
			buildSettings = {
				ALWAYS_EMBED_SWIFT_STANDARD_LIBRARIES = YES;
				CODE_SIGN_STYLE = Automatic;
				COMBINE_HIDPI_IMAGES = YES;
				DEVELOPMENT_TEAM = J2S9726G2L;
				INFOPLIST_FILE = SwiftINDITests/Info.plist;
				LD_RUNPATH_SEARCH_PATHS = (
					"$(inherited)",
					"@executable_path/../Frameworks",
					"@loader_path/../Frameworks",
				);
				PRODUCT_BUNDLE_IDENTIFIER = com.lapsedpacifist.SwiftINDITests;
				PRODUCT_NAME = "$(TARGET_NAME)";
				SWIFT_VERSION = 5.0;
			};
			name = Release;
		};
		C7F10461263C51FC00D85C26 /* Debug */ = {
			isa = XCBuildConfiguration;
			buildSettings = {
				ASSETCATALOG_COMPILER_APPICON_NAME = AppIcon;
				ASSETCATALOG_COMPILER_GLOBAL_ACCENT_COLOR_NAME = AccentColor;
				CLANG_WARN_QUOTED_INCLUDE_IN_FRAMEWORK_HEADER = YES;
				CODE_SIGN_ENTITLEMENTS = "INDI Controller/INDI_Controller.entitlements";
				CODE_SIGN_IDENTITY = "-";
				CODE_SIGN_STYLE = Automatic;
				COMBINE_HIDPI_IMAGES = YES;
				DEVELOPMENT_ASSET_PATHS = "\"INDI Controller/Preview Content\"";
				DEVELOPMENT_TEAM = J2S9726G2L;
				ENABLE_HARDENED_RUNTIME = YES;
				ENABLE_PREVIEWS = YES;
				INFOPLIST_FILE = "INDI Controller/Info.plist";
				LD_RUNPATH_SEARCH_PATHS = (
					"$(inherited)",
					"@executable_path/../Frameworks",
				);
				MACOSX_DEPLOYMENT_TARGET = 12.0;
				PRODUCT_BUNDLE_IDENTIFIER = "com.lapsedpacifist.INDI-Controller";
				PRODUCT_NAME = "$(TARGET_NAME)";
				SWIFT_VERSION = 5.0;
			};
			name = Debug;
		};
		C7F10462263C51FC00D85C26 /* Release */ = {
			isa = XCBuildConfiguration;
			buildSettings = {
				ASSETCATALOG_COMPILER_APPICON_NAME = AppIcon;
				ASSETCATALOG_COMPILER_GLOBAL_ACCENT_COLOR_NAME = AccentColor;
				CLANG_WARN_QUOTED_INCLUDE_IN_FRAMEWORK_HEADER = YES;
				CODE_SIGN_ENTITLEMENTS = "INDI Controller/INDI_Controller.entitlements";
				CODE_SIGN_IDENTITY = "-";
				CODE_SIGN_STYLE = Automatic;
				COMBINE_HIDPI_IMAGES = YES;
				DEVELOPMENT_ASSET_PATHS = "\"INDI Controller/Preview Content\"";
				DEVELOPMENT_TEAM = J2S9726G2L;
				ENABLE_HARDENED_RUNTIME = YES;
				ENABLE_PREVIEWS = YES;
				INFOPLIST_FILE = "INDI Controller/Info.plist";
				LD_RUNPATH_SEARCH_PATHS = (
					"$(inherited)",
					"@executable_path/../Frameworks",
				);
				MACOSX_DEPLOYMENT_TARGET = 12.0;
				PRODUCT_BUNDLE_IDENTIFIER = "com.lapsedpacifist.INDI-Controller";
				PRODUCT_NAME = "$(TARGET_NAME)";
				SWIFT_VERSION = 5.0;
			};
			name = Release;
		};
/* End XCBuildConfiguration section */

/* Begin XCConfigurationList section */
		029FC58924252AFC0027279A /* Build configuration list for PBXNativeTarget "INDI Client" */ = {
			isa = XCConfigurationList;
			buildConfigurations = (
				029FC58A24252AFC0027279A /* Debug */,
				029FC58B24252AFC0027279A /* Release */,
			);
			defaultConfigurationIsVisible = 0;
			defaultConfigurationName = Release;
		};
		029FC59E2425355E0027279A /* Build configuration list for PBXNativeTarget "SwiftINDIGUI" */ = {
			isa = XCConfigurationList;
			buildConfigurations = (
				029FC59F2425355E0027279A /* Debug */,
				029FC5A02425355E0027279A /* Release */,
			);
			defaultConfigurationIsVisible = 0;
			defaultConfigurationName = Release;
		};
		02A9EDB424184AC100484226 /* Build configuration list for PBXProject "SwiftINDI" */ = {
			isa = XCConfigurationList;
			buildConfigurations = (
				02A9EDCC24184AC100484226 /* Debug */,
				02A9EDCD24184AC100484226 /* Release */,
			);
			defaultConfigurationIsVisible = 0;
			defaultConfigurationName = Release;
		};
		02A9EDCE24184AC100484226 /* Build configuration list for PBXNativeTarget "SwiftINDI" */ = {
			isa = XCConfigurationList;
			buildConfigurations = (
				02A9EDCF24184AC100484226 /* Debug */,
				02A9EDD024184AC100484226 /* Release */,
			);
			defaultConfigurationIsVisible = 0;
			defaultConfigurationName = Release;
		};
		02A9EDD124184AC100484226 /* Build configuration list for PBXNativeTarget "SwiftINDITests" */ = {
			isa = XCConfigurationList;
			buildConfigurations = (
				02A9EDD224184AC100484226 /* Debug */,
				02A9EDD324184AC100484226 /* Release */,
			);
			defaultConfigurationIsVisible = 0;
			defaultConfigurationName = Release;
		};
		C7F10467263C51FC00D85C26 /* Build configuration list for PBXNativeTarget "INDI Controller" */ = {
			isa = XCConfigurationList;
			buildConfigurations = (
				C7F10461263C51FC00D85C26 /* Debug */,
				C7F10462263C51FC00D85C26 /* Release */,
			);
			defaultConfigurationIsVisible = 0;
			defaultConfigurationName = Release;
		};
/* End XCConfigurationList section */
	};
	rootObject = 02A9EDB124184AC100484226 /* Project object */;
}
